# THIS IS AN AUTOGENERATED FILE. DO NOT EDIT THIS FILE DIRECTLY.
# yarn lockfile v1


"@types/js-yaml@^4.0.0":
  version "4.0.0"
  resolved "https://idt.jfrog.io/idt/api/npm/n2p-npm/@types/js-yaml/-/js-yaml-4.0.0.tgz#d1a11688112091f2c711674df3a65ea2f47b5dfb"
  integrity sha1-0aEWiBEgkfLHEWdN86ZeovR7Xfs=

"@types/node@^14.14.37":
  version "14.14.37"
  resolved "https://idt.jfrog.io/idt/api/npm/n2p-npm/@types/node/-/node-14.14.37.tgz#a3dd8da4eb84a996c36e331df98d82abd76b516e"
  integrity sha1-o92NpOuEqZbDbjMd+Y2Cq9drUW4=

ansi-styles@^4.1.0:
  version "4.3.0"
  resolved "https://idt.jfrog.io/idt/api/npm/n2p-npm/ansi-styles/-/ansi-styles-4.3.0.tgz#edd803628ae71c04c85ae7a0906edad34b648937"
  integrity sha1-7dgDYornHATIWuegkG7a00tkiTc=
  dependencies:
    color-convert "^2.0.1"

arg@^4.1.0:
  version "4.1.3"
  resolved "https://idt.jfrog.io/idt/api/npm/n2p-npm/arg/-/arg-4.1.3.tgz#269fc7ad5b8e42cb63c896d5666017261c144089"
  integrity sha1-Jp/HrVuOQstjyJbVZmAXJhwUQIk=

argparse@^2.0.1:
  version "2.0.1"
  resolved "https://idt.jfrog.io/idt/api/npm/n2p-npm/argparse/-/argparse-2.0.1.tgz#246f50f3ca78a3240f6c997e8a9bd1eac49e4b38"
  integrity sha1-JG9Q88p4oyQPbJl+ipvR6sSeSzg=

atlassian-openapi@^1.0.8:
  version "1.0.12"
  resolved "https://idt.jfrog.io/idt/api/npm/n2p-npm/atlassian-openapi/-/atlassian-openapi-1.0.12.tgz#c81dfab4e270502dda84a5f28e2c4241a8c33a73"
  integrity sha1-yB36tOJwUC3ahKXyjixCQajDOnM=
  dependencies:
    jsonpointer "^4.0.1"
    urijs "^1.18.10"

balanced-match@^1.0.0:
  version "1.0.0"
  resolved "https://idt.jfrog.io/idt/api/npm/n2p-npm/balanced-match/-/balanced-match-1.0.0.tgz#89b4d199ab2bee49de164ea02b89ce462d71b767"
  integrity sha1-ibTRmasr7kneFk6gK4nORi1xt2c=

brace-expansion@^1.1.7:
  version "1.1.11"
  resolved "https://idt.jfrog.io/idt/api/npm/n2p-npm/brace-expansion/-/brace-expansion-1.1.11.tgz#3c7fcbf529d87226f3d2f52b966ff5271eb441dd"
  integrity sha1-PH/L9SnYcibz0vUrlm/1Jx60Qd0=
  dependencies:
    balanced-match "^1.0.0"
    concat-map "0.0.1"

buffer-from@^1.0.0:
  version "1.1.1"
  resolved "https://idt.jfrog.io/idt/api/npm/n2p-npm/buffer-from/-/buffer-from-1.1.1.tgz#32713bc028f75c02fdb710d7c7bcec1f2c6070ef"
  integrity sha1-MnE7wCj3XAL9txDXx7zsHyxgcO8=

chalk@^4.1.0:
  version "4.1.0"
  resolved "https://idt.jfrog.io/idt/api/npm/n2p-npm/chalk/-/chalk-4.1.0.tgz#4e14870a618d9e2edd97dd8345fd9d9dc315646a"
  integrity sha1-ThSHCmGNni7dl92DRf2dncMVZGo=
  dependencies:
    ansi-styles "^4.1.0"
    supports-color "^7.1.0"

color-convert@^2.0.1:
  version "2.0.1"
  resolved "https://idt.jfrog.io/idt/api/npm/n2p-npm/color-convert/-/color-convert-2.0.1.tgz#72d3a68d598c9bdb3af2ad1e84f21d896abd4de3"
  integrity sha1-ctOmjVmMm9s68q0ehPIdiWq9TeM=
  dependencies:
    color-name "~1.1.4"

color-name@~1.1.4:
  version "1.1.4"
  resolved "https://idt.jfrog.io/idt/api/npm/n2p-npm/color-name/-/color-name-1.1.4.tgz#c2a09a87acbde69543de6f63fa3995c826c536a2"
  integrity sha1-wqCah6y95pVD3m9j+jmVyCbFNqI=

concat-map@0.0.1:
  version "0.0.1"
  resolved "https://idt.jfrog.io/idt/api/npm/n2p-npm/concat-map/-/concat-map-0.0.1.tgz#d8a96bd77fd68df7793a73036a3ba0d5405d477b"
  integrity sha1-2Klr13/Wjfd5OnMDajug1UBdR3s=

create-require@^1.1.0:
  version "1.1.1"
  resolved "https://idt.jfrog.io/idt/api/npm/n2p-npm/create-require/-/create-require-1.1.1.tgz#c1d7e8f1e5f6cfc9ff65f9cd352d37348756c333"
  integrity sha1-wdfo8eX2z8n/ZfnNNS03NIdWwzM=

diff@^4.0.1:
  version "4.0.2"
  resolved "https://idt.jfrog.io/idt/api/npm/n2p-npm/diff/-/diff-4.0.2.tgz#60f3aecb89d5fae520c11aa19efc2bb982aade7d"
  integrity sha1-YPOuy4nV+uUgwRqhnvwruYKq3n0=

fs.realpath@^1.0.0:
  version "1.0.0"
  resolved "https://idt.jfrog.io/idt/api/npm/n2p-npm/fs.realpath/-/fs.realpath-1.0.0.tgz#1504ad2523158caa40db4a2787cb01411994ea4f"
  integrity sha1-FQStJSMVjKpA20onh8sBQRmU6k8=

function-bind@^1.1.1:
  version "1.1.1"
  resolved "https://idt.jfrog.io/idt/api/npm/n2p-npm/function-bind/-/function-bind-1.1.1.tgz#a56899d3ea3c9bab874bb9773b7c5ede92f4895d"
  integrity sha1-pWiZ0+o8m6uHS7l3O3xe3pL0iV0=

glob@^7.0.0:
  version "7.1.6"
  resolved "https://idt.jfrog.io/idt/api/npm/n2p-npm/glob/-/glob-7.1.6.tgz#141f33b81a7c2492e125594307480c46679278a6"
  integrity sha1-FB8zuBp8JJLhJVlDB0gMRmeSeKY=
  dependencies:
    fs.realpath "^1.0.0"
    inflight "^1.0.4"
    inherits "2"
    minimatch "^3.0.4"
    once "^1.3.0"
    path-is-absolute "^1.0.0"

has-flag@^4.0.0:
  version "4.0.0"
  resolved "https://idt.jfrog.io/idt/api/npm/n2p-npm/has-flag/-/has-flag-4.0.0.tgz#944771fd9c81c81265c4d6941860da06bb59479b"
  integrity sha1-lEdx/ZyByBJlxNaUGGDaBrtZR5s=

has@^1.0.3:
  version "1.0.3"
  resolved "https://idt.jfrog.io/idt/api/npm/n2p-npm/has/-/has-1.0.3.tgz#722d7cbfc1f6aa8241f16dd814e011e1f41e8796"
  integrity sha1-ci18v8H2qoJB8W3YFOAR4fQeh5Y=
  dependencies:
    function-bind "^1.1.1"

inflight@^1.0.4:
  version "1.0.6"
  resolved "https://idt.jfrog.io/idt/api/npm/n2p-npm/inflight/-/inflight-1.0.6.tgz#49bd6331d7d02d0c09bc910a1075ba8165b56df9"
  integrity sha1-Sb1jMdfQLQwJvJEKEHW6gWW1bfk=
  dependencies:
    once "^1.3.0"
    wrappy "1"

inherits@2:
  version "2.0.4"
  resolved "https://idt.jfrog.io/idt/api/npm/n2p-npm/inherits/-/inherits-2.0.4.tgz#0fa2c64f932917c3433a0ded55363aae37416b7c"
  integrity sha1-D6LGT5MpF8NDOg3tVTY6rjdBa3w=

interpret@^1.0.0:
  version "1.4.0"
  resolved "https://idt.jfrog.io/idt/api/npm/n2p-npm/interpret/-/interpret-1.4.0.tgz#665ab8bc4da27a774a40584e812e3e0fa45b1a1e"
  integrity sha1-Zlq4vE2iendKQFhOgS4+D6RbGh4=

is-core-module@^2.2.0:
  version "2.2.0"
  resolved "https://idt.jfrog.io/idt/api/npm/n2p-npm/is-core-module/-/is-core-module-2.2.0.tgz#97037ef3d52224d85163f5597b2b63d9afed981a"
  integrity sha1-lwN+89UiJNhRY/VZeytj2a/tmBo=
  dependencies:
    has "^1.0.3"

js-yaml@^4.0.0:
  version "4.0.0"
  resolved "https://idt.jfrog.io/idt/api/npm/n2p-npm/js-yaml/-/js-yaml-4.0.0.tgz#f426bc0ff4b4051926cd588c71113183409a121f"
  integrity sha1-9Ca8D/S0BRkmzViMcRExg0CaEh8=
  dependencies:
    argparse "^2.0.1"

jsonpointer@^4.0.1:
  version "4.1.0"
  resolved "https://idt.jfrog.io/idt/api/npm/n2p-npm/jsonpointer/-/jsonpointer-4.1.0.tgz#501fb89986a2389765ba09e6053299ceb4f2c2cc"
  integrity sha1-UB+4mYaiOJdlugnmBTKZzrTywsw=

lodash@^4.17.15:
  version "4.17.21"
  resolved "https://idt.jfrog.io/idt/api/npm/n2p-npm/lodash/-/lodash-4.17.21.tgz#679591c564c3bffaae8454cf0b3df370c3d6911c"
  integrity sha1-Z5WRxWTDv/quhFTPCz3zcMPWkRw=

make-error@^1.1.1:
  version "1.3.6"
  resolved "https://idt.jfrog.io/idt/api/npm/n2p-npm/make-error/-/make-error-1.3.6.tgz#2eb2e37ea9b67c4891f684a1394799af484cf7a2"
  integrity sha1-LrLjfqm2fEiR9oShOUeZr0hM96I=

minimatch@^3.0.4:
  version "3.0.4"
  resolved "https://idt.jfrog.io/idt/api/npm/n2p-npm/minimatch/-/minimatch-3.0.4.tgz#5166e286457f03306064be5497e8dbb0c3d32083"
  integrity sha1-UWbihkV/AzBgZL5Ul+jbsMPTIIM=
  dependencies:
    brace-expansion "^1.1.7"

once@^1.3.0:
  version "1.4.0"
  resolved "https://idt.jfrog.io/idt/api/npm/n2p-npm/once/-/once-1.4.0.tgz#583b1aa775961d4b113ac17d9c50baef9dd76bd1"
  integrity sha1-WDsap3WWHUsROsF9nFC6753Xa9E=
  dependencies:
    wrappy "1"

openapi-merge@^1.0.29:
  version "1.0.29"
  resolved "https://idt.jfrog.io/idt/api/npm/n2p-npm/openapi-merge/-/openapi-merge-1.0.29.tgz#57b971b81d48c38f5275ffe0f3355f230e74ab06"
  integrity sha1-V7lxuB1Iw49Sdf/g8zVfIw50qwY=
  dependencies:
    atlassian-openapi "^1.0.8"
    lodash "^4.17.15"
    ts-is-present "^1.1.1"

path-is-absolute@^1.0.0:
  version "1.0.1"
  resolved "https://idt.jfrog.io/idt/api/npm/n2p-npm/path-is-absolute/-/path-is-absolute-1.0.1.tgz#174b9268735534ffbc7ace6bf53a5a9e1b5c5f5f"
  integrity sha1-F0uSaHNVNP+8es5r9TpanhtcX18=

path-parse@^1.0.6:
  version "1.0.6"
  resolved "https://idt.jfrog.io/idt/api/npm/n2p-npm/path-parse/-/path-parse-1.0.6.tgz#d62dbb5679405d72c4737ec58600e9ddcf06d24c"
  integrity sha1-1i27VnlAXXLEc37FhgDp3c8G0kw=

rechoir@^0.6.2:
  version "0.6.2"
  resolved "https://idt.jfrog.io/idt/api/npm/n2p-npm/rechoir/-/rechoir-0.6.2.tgz#85204b54dba82d5742e28c96756ef43af50e3384"
  integrity sha1-hSBLVNuoLVdC4oyWdW70OvUOM4Q=
  dependencies:
    resolve "^1.1.6"

resolve@^1.1.6:
  version "1.20.0"
  resolved "https://idt.jfrog.io/idt/api/npm/n2p-npm/resolve/-/resolve-1.20.0.tgz#629a013fb3f70755d6f0b7935cc1c2c5378b1975"
  integrity sha1-YpoBP7P3B1XW8LeTXMHCxTeLGXU=
  dependencies:
    is-core-module "^2.2.0"
    path-parse "^1.0.6"

shelljs@^0.8.4:
  version "0.8.4"
  resolved "https://idt.jfrog.io/idt/api/npm/n2p-npm/shelljs/-/shelljs-0.8.4.tgz#de7684feeb767f8716b326078a8a00875890e3c2"
  integrity sha1-3naE/ut2f4cWsyYHiooAh1iQ48I=
  dependencies:
    glob "^7.0.0"
    interpret "^1.0.0"
    rechoir "^0.6.2"

source-map-support@^0.5.17:
  version "0.5.19"
  resolved "https://idt.jfrog.io/idt/api/npm/n2p-npm/source-map-support/-/source-map-support-0.5.19.tgz#a98b62f86dcaf4f67399648c085291ab9e8fed61"
  integrity sha1-qYti+G3K9PZzmWSMCFKRq56P7WE=
  dependencies:
    buffer-from "^1.0.0"
    source-map "^0.6.0"

source-map@^0.6.0:
  version "0.6.1"
  resolved "https://idt.jfrog.io/idt/api/npm/n2p-npm/source-map/-/source-map-0.6.1.tgz#74722af32e9614e9c287a8d0bbde48b5e2f1a263"
  integrity sha1-dHIq8y6WFOnCh6jQu95IteLxomM=

supports-color@^7.1.0:
  version "7.2.0"
  resolved "https://idt.jfrog.io/idt/api/npm/n2p-npm/supports-color/-/supports-color-7.2.0.tgz#1b7dcdcb32b8138801b3e478ba6a51caa89648da"
  integrity sha1-G33NyzK4E4gBs+R4umpRyqiWSNo=
  dependencies:
    has-flag "^4.0.0"

ts-is-present@^1.1.1:
  version "1.2.1"
  resolved "https://idt.jfrog.io/idt/api/npm/n2p-npm/ts-is-present/-/ts-is-present-1.2.1.tgz#38faeef8c59a890c0f876c86a46397fab236e21c"
  integrity sha1-OPru+MWaiQwPh2yGpGOX+rI24hw=

ts-node@^9.1.1:
  version "9.1.1"
  resolved "https://idt.jfrog.io/idt/api/npm/n2p-npm/ts-node/-/ts-node-9.1.1.tgz#51a9a450a3e959401bda5f004a72d54b936d376d"
  integrity sha1-UamkUKPpWUAb2l8ASnLVS5NtN20=
  dependencies:
    arg "^4.1.0"
    create-require "^1.1.0"
    diff "^4.0.1"
    make-error "^1.1.1"
    source-map-support "^0.5.17"
    yn "3.1.1"

typescript@^4.2.3:
  version "4.2.3"
  resolved "https://idt.jfrog.io/idt/api/npm/n2p-npm/typescript/-/typescript-4.2.3.tgz#39062d8019912d43726298f09493d598048c1ce3"
  integrity sha1-OQYtgBmRLUNyYpjwlJPVmASMHOM=

urijs@^1.18.10:
  version "1.19.6"
  resolved "https://idt.jfrog.io/idt/api/npm/n2p-npm/urijs/-/urijs-1.19.6.tgz#51f8cb17ca16faefb20b9a31ac60f84aa2b7c870"
  integrity sha1-UfjLF8oW+u+yC5oxrGD4SqK3yHA=

wrappy@1:
  version "1.0.2"
  resolved "https://idt.jfrog.io/idt/api/npm/n2p-npm/wrappy/-/wrappy-1.0.2.tgz#b5243d8f3ec1aa35f1364605bc0d1036e30ab69f"
  integrity sha1-tSQ9jz7BqjXxNkYFvA0QNuMKtp8=

yn@3.1.1:
  version "3.1.1"
  resolved "https://idt.jfrog.io/idt/api/npm/n2p-npm/yn/-/yn-3.1.1.tgz#1e87401a09d767c1d5eab26a6e4c185182d2eb50"
  integrity sha1-HodAGgnXZ8HV6rJqbkwYUYLS61A=
